
Microsoft Visual Studio Solution File, Format Version 12.00
# Visual Studio Version 17
VisualStudioVersion = 17.0.31903.59
MinimumVisualStudioVersion = 10.0.40219.1
Project("{2150E333-8FDC-42A3-9474-1A3956D46DE8}") = "Tool", "Tool", "{3416607B-CD2F-4138-8A6D-DA082F8B8E37}"
EndProject
Project("{FAE04EC0-301F-11D3-BF4B-00C04F79EFBC}") = "Collapsenav.Net.Tool", "Tool\Collapsenav.Net.Tool\Collapsenav.Net.Tool.csproj", "{F5C475F4-DBF5-4585-9FE3-80A468904065}"
EndProject
Project("{FAE04EC0-301F-11D3-BF4B-00C04F79EFBC}") = "Collapsenav.Net.Tool.AutoInject", "Tool\Collapsenav.Net.Tool.AutoInject\Collapsenav.Net.Tool.AutoInject.csproj", "{D987C904-A631-4ACF-88EA-30948A347FAB}"
EndProject
Project("{FAE04EC0-301F-11D3-BF4B-00C04F79EFBC}") = "Collapsenav.Net.Tool.Region", "Tool\Collapsenav.Net.Tool.Region\Collapsenav.Net.Tool.Region.csproj", "{25DFF9F2-B395-4A65-B8C6-8C18B2890168}"
EndProject
Project("{FAE04EC0-301F-11D3-BF4B-00C04F79EFBC}") = "RegionGenerator", "Tool\RegionGenerator\RegionGenerator.csproj", "{C95B2D52-0B39-4974-B0F3-EC1A6F715CC9}"
EndProject
Project("{2150E333-8FDC-42A3-9474-1A3956D46DE8}") = "Data", "Data", "{066982C8-41B2-4496-8FB4-D426EB12D6DC}"
EndProject
Project("{FAE04EC0-301F-11D3-BF4B-00C04F79EFBC}") = "Collapsenav.Net.Tool.Data", "Data\Collapsenav.Net.Tool.Data\Collapsenav.Net.Tool.Data.csproj", "{BA56D108-14AA-400D-85D3-A59A43286A09}"
EndProject
Project("{FAE04EC0-301F-11D3-BF4B-00C04F79EFBC}") = "Collapsenav.Net.Tool.Data.Core", "Data\Collapsenav.Net.Tool.Data.Core\Collapsenav.Net.Tool.Data.Core.csproj", "{D86E3389-432F-4E58-B082-41F232F2263D}"
EndProject
Project("{FAE04EC0-301F-11D3-BF4B-00C04F79EFBC}") = "Collapsenav.Net.Tool.Data.Mssql", "Data\Collapsenav.Net.Tool.Data.Mssql\Collapsenav.Net.Tool.Data.Mssql.csproj", "{95963537-2C63-45A1-A8BE-DEB9F4F6115A}"
EndProject
Project("{FAE04EC0-301F-11D3-BF4B-00C04F79EFBC}") = "Collapsenav.Net.Tool.Data.Mysql", "Data\Collapsenav.Net.Tool.Data.Mysql\Collapsenav.Net.Tool.Data.Mysql.csproj", "{F36F6874-43C6-4397-BB69-3B67E7FE75DC}"
EndProject
Project("{FAE04EC0-301F-11D3-BF4B-00C04F79EFBC}") = "Collapsenav.Net.Tool.Data.Pgsql", "Data\Collapsenav.Net.Tool.Data.Pgsql\Collapsenav.Net.Tool.Data.Pgsql.csproj", "{EE59E1D3-8491-4348-84E1-7A5BD8428C21}"
EndProject
Project("{2150E333-8FDC-42A3-9474-1A3956D46DE8}") = "Excel", "Excel", "{5BC942AE-840F-4BC6-AA37-DE34BB699218}"
EndProject
Project("{FAE04EC0-301F-11D3-BF4B-00C04F79EFBC}") = "Collapsenav.Net.Tool.Excel", "Excel\Collapsenav.Net.Tool.Excel\Collapsenav.Net.Tool.Excel.csproj", "{F1A52D36-E0FD-4AA2-B1DA-A71ABA73BD30}"
EndProject
Project("{FAE04EC0-301F-11D3-BF4B-00C04F79EFBC}") = "Collapsenav.Net.Tool.Excel.Core", "Excel\Collapsenav.Net.Tool.Excel.Core\Collapsenav.Net.Tool.Excel.Core.csproj", "{9E8F31BF-8AC0-4B08-A2E2-492AD921BE88}"
EndProject
Project("{FAE04EC0-301F-11D3-BF4B-00C04F79EFBC}") = "Collapsenav.Net.Tool.Excel.EPPlus", "Excel\Collapsenav.Net.Tool.Excel.EPPlus\Collapsenav.Net.Tool.Excel.EPPlus.csproj", "{7553B138-0B56-4C23-A2F1-B3DEDC5BA378}"
EndProject
Project("{FAE04EC0-301F-11D3-BF4B-00C04F79EFBC}") = "Collapsenav.Net.Tool.Excel.MiniExcel", "Excel\Collapsenav.Net.Tool.Excel.MiniExcel\Collapsenav.Net.Tool.Excel.MiniExcel.csproj", "{384DF458-5367-4D0D-9D73-ED7B4D01EB44}"
EndProject
Project("{FAE04EC0-301F-11D3-BF4B-00C04F79EFBC}") = "Collapsenav.Net.Tool.Excel.NPOI", "Excel\Collapsenav.Net.Tool.Excel.NPOI\Collapsenav.Net.Tool.Excel.NPOI.csproj", "{3ECDFEA1-F24A-44E8-B727-E6E8049CB7E4}"
EndProject
Project("{2150E333-8FDC-42A3-9474-1A3956D46DE8}") = "Ext", "Ext", "{D29491F1-8F61-4EE5-BDB9-8D3C95C8CAAC}"
EndProject
Project("{FAE04EC0-301F-11D3-BF4B-00C04F79EFBC}") = "Collapsenav.Net.Tool.Quartz", "Ext\Collapsenav.Net.Tool.Quartz\Collapsenav.Net.Tool.Quartz.csproj", "{E6294EF3-29CE-4D40-9D75-8010013D7D58}"
EndProject
Project("{2150E333-8FDC-42A3-9474-1A3956D46DE8}") = "WebApi", "WebApi", "{208A2D36-F767-457E-8370-85BBC5414BBE}"
EndProject
Project("{FAE04EC0-301F-11D3-BF4B-00C04F79EFBC}") = "Collapsenav.Net.Tool.AutoInject.Controller", "WebApi\Collapsenav.Net.Tool.AutoInject.Controller\Collapsenav.Net.Tool.AutoInject.Controller.csproj", "{573F224C-9B33-4884-AB04-DD8FF1097260}"
EndProject
Project("{FAE04EC0-301F-11D3-BF4B-00C04F79EFBC}") = "Collapsenav.Net.Tool.DynamicApi", "WebApi\Collapsenav.Net.Tool.DynamicApi\Collapsenav.Net.Tool.DynamicApi.csproj", "{10628DB0-ECA2-49A1-A7A5-5652371BE17C}"
EndProject
Project("{FAE04EC0-301F-11D3-BF4B-00C04F79EFBC}") = "Collapsenav.Net.Tool.Swagger", "WebApi\Collapsenav.Net.Tool.Swagger\Collapsenav.Net.Tool.Swagger.csproj", "{D986E225-AE33-48BB-9E86-2528240EE346}"
EndProject
Project("{FAE04EC0-301F-11D3-BF4B-00C04F79EFBC}") = "Collapsenav.Net.Tool.WebApi", "WebApi\Collapsenav.Net.Tool.WebApi\Collapsenav.Net.Tool.WebApi.csproj", "{7D0366A2-1424-40FF-9973-BC7E49B26C80}"
EndProject
Project("{FAE04EC0-301F-11D3-BF4B-00C04F79EFBC}") = "Collapsenav.Net.Tool.WebApi.Core", "WebApi\Collapsenav.Net.Tool.WebApi.Core\Collapsenav.Net.Tool.WebApi.Core.csproj", "{14937C83-C66E-4FCD-A4F3-7E944A3B6E0A}"
EndProject
Project("{2150E333-8FDC-42A3-9474-1A3956D46DE8}") = "Test", "Test", "{146C3362-028B-45CA-A45E-B5E262C0F406}"
EndProject
Project("{FAE04EC0-301F-11D3-BF4B-00C04F79EFBC}") = "Collapsenav.Net.Tool.Data.Test", "Test\Collapsenav.Net.Tool.Data.Test\Collapsenav.Net.Tool.Data.Test.csproj", "{D13DDBFA-ADBD-4C6C-A1F4-57726F76BA11}"
EndProject
Project("{FAE04EC0-301F-11D3-BF4B-00C04F79EFBC}") = "Collapsenav.Net.Tool.Excel.Test", "Test\Collapsenav.Net.Tool.Excel.Test\Collapsenav.Net.Tool.Excel.Test.csproj", "{0B975F89-C055-4033-88A3-3F5093D7B739}"
EndProject
Project("{FAE04EC0-301F-11D3-BF4B-00C04F79EFBC}") = "Collapsenav.Net.Tool.Test", "Test\Collapsenav.Net.Tool.Test\Collapsenav.Net.Tool.Test.csproj", "{0290283E-899C-43D7-8E83-785225760570}"
EndProject
Project("{FAE04EC0-301F-11D3-BF4B-00C04F79EFBC}") = "Collapsenav.Net.Tool.Test.Quartz", "Test\Collapsenav.Net.Tool.Test.Quartz\Collapsenav.Net.Tool.Test.Quartz.csproj", "{21C3135A-32E5-4F5E-98F5-4DD95AD664AD}"
EndProject
Project("{FAE04EC0-301F-11D3-BF4B-00C04F79EFBC}") = "Collapsenav.Net.Tool.WebApi.Test", "Test\Collapsenav.Net.Tool.WebApi.Test\Collapsenav.Net.Tool.WebApi.Test.csproj", "{CA37D19E-B8A3-4469-B209-4CF37854DC8A}"
EndProject
Project("{2150E333-8FDC-42A3-9474-1A3956D46DE8}") = "Identity", "Identity", "{B6E87B55-0D2E-4607-8B16-C67AE9CECEF5}"
EndProject
Project("{FAE04EC0-301F-11D3-BF4B-00C04F79EFBC}") = "Collapsenav.Net.Tool.Identity", "Identity\Collapsenav.Net.Tool.Identity\Collapsenav.Net.Tool.Identity.csproj", "{1B8637BD-62E4-4CC4-90A4-39BF45FE1B97}"
EndProject
Project("{FAE04EC0-301F-11D3-BF4B-00C04F79EFBC}") = "Collapsenav.Net.Tool.Redis", "Ext\Collapsenav.Net.Tool.Redis\Collapsenav.Net.Tool.Redis.csproj", "{5E8B81F8-EC15-45D5-99BA-DA14F8F47AAA}"
EndProject
Global
	GlobalSection(SolutionConfigurationPlatforms) = preSolution
		Debug|Any CPU = Debug|Any CPU
		Release|Any CPU = Release|Any CPU
	EndGlobalSection
	GlobalSection(SolutionProperties) = preSolution
		HideSolutionNode = FALSE
	EndGlobalSection
	GlobalSection(ProjectConfigurationPlatforms) = postSolution
		{F5C475F4-DBF5-4585-9FE3-80A468904065}.Debug|Any CPU.ActiveCfg = Debug|Any CPU
		{F5C475F4-DBF5-4585-9FE3-80A468904065}.Debug|Any CPU.Build.0 = Debug|Any CPU
		{F5C475F4-DBF5-4585-9FE3-80A468904065}.Release|Any CPU.ActiveCfg = Release|Any CPU
		{F5C475F4-DBF5-4585-9FE3-80A468904065}.Release|Any CPU.Build.0 = Release|Any CPU
		{D987C904-A631-4ACF-88EA-30948A347FAB}.Debug|Any CPU.ActiveCfg = Debug|Any CPU
		{D987C904-A631-4ACF-88EA-30948A347FAB}.Debug|Any CPU.Build.0 = Debug|Any CPU
		{D987C904-A631-4ACF-88EA-30948A347FAB}.Release|Any CPU.ActiveCfg = Release|Any CPU
		{D987C904-A631-4ACF-88EA-30948A347FAB}.Release|Any CPU.Build.0 = Release|Any CPU
		{25DFF9F2-B395-4A65-B8C6-8C18B2890168}.Debug|Any CPU.ActiveCfg = Debug|Any CPU
		{25DFF9F2-B395-4A65-B8C6-8C18B2890168}.Debug|Any CPU.Build.0 = Debug|Any CPU
		{25DFF9F2-B395-4A65-B8C6-8C18B2890168}.Release|Any CPU.ActiveCfg = Release|Any CPU
		{25DFF9F2-B395-4A65-B8C6-8C18B2890168}.Release|Any CPU.Build.0 = Release|Any CPU
		{C95B2D52-0B39-4974-B0F3-EC1A6F715CC9}.Debug|Any CPU.ActiveCfg = Debug|Any CPU
		{C95B2D52-0B39-4974-B0F3-EC1A6F715CC9}.Debug|Any CPU.Build.0 = Debug|Any CPU
		{C95B2D52-0B39-4974-B0F3-EC1A6F715CC9}.Release|Any CPU.ActiveCfg = Release|Any CPU
		{C95B2D52-0B39-4974-B0F3-EC1A6F715CC9}.Release|Any CPU.Build.0 = Release|Any CPU
		{BA56D108-14AA-400D-85D3-A59A43286A09}.Debug|Any CPU.ActiveCfg = Debug|Any CPU
		{BA56D108-14AA-400D-85D3-A59A43286A09}.Debug|Any CPU.Build.0 = Debug|Any CPU
		{BA56D108-14AA-400D-85D3-A59A43286A09}.Release|Any CPU.ActiveCfg = Release|Any CPU
		{BA56D108-14AA-400D-85D3-A59A43286A09}.Release|Any CPU.Build.0 = Release|Any CPU
		{D86E3389-432F-4E58-B082-41F232F2263D}.Debug|Any CPU.ActiveCfg = Debug|Any CPU
		{D86E3389-432F-4E58-B082-41F232F2263D}.Debug|Any CPU.Build.0 = Debug|Any CPU
		{D86E3389-432F-4E58-B082-41F232F2263D}.Release|Any CPU.ActiveCfg = Release|Any CPU
		{D86E3389-432F-4E58-B082-41F232F2263D}.Release|Any CPU.Build.0 = Release|Any CPU
		{95963537-2C63-45A1-A8BE-DEB9F4F6115A}.Debug|Any CPU.ActiveCfg = Debug|Any CPU
		{95963537-2C63-45A1-A8BE-DEB9F4F6115A}.Debug|Any CPU.Build.0 = Debug|Any CPU
		{95963537-2C63-45A1-A8BE-DEB9F4F6115A}.Release|Any CPU.ActiveCfg = Release|Any CPU
		{95963537-2C63-45A1-A8BE-DEB9F4F6115A}.Release|Any CPU.Build.0 = Release|Any CPU
		{F36F6874-43C6-4397-BB69-3B67E7FE75DC}.Debug|Any CPU.ActiveCfg = Debug|Any CPU
		{F36F6874-43C6-4397-BB69-3B67E7FE75DC}.Debug|Any CPU.Build.0 = Debug|Any CPU
		{F36F6874-43C6-4397-BB69-3B67E7FE75DC}.Release|Any CPU.ActiveCfg = Release|Any CPU
		{F36F6874-43C6-4397-BB69-3B67E7FE75DC}.Release|Any CPU.Build.0 = Release|Any CPU
		{EE59E1D3-8491-4348-84E1-7A5BD8428C21}.Debug|Any CPU.ActiveCfg = Debug|Any CPU
		{EE59E1D3-8491-4348-84E1-7A5BD8428C21}.Debug|Any CPU.Build.0 = Debug|Any CPU
		{EE59E1D3-8491-4348-84E1-7A5BD8428C21}.Release|Any CPU.ActiveCfg = Release|Any CPU
		{EE59E1D3-8491-4348-84E1-7A5BD8428C21}.Release|Any CPU.Build.0 = Release|Any CPU
		{F1A52D36-E0FD-4AA2-B1DA-A71ABA73BD30}.Debug|Any CPU.ActiveCfg = Debug|Any CPU
		{F1A52D36-E0FD-4AA2-B1DA-A71ABA73BD30}.Debug|Any CPU.Build.0 = Debug|Any CPU
		{F1A52D36-E0FD-4AA2-B1DA-A71ABA73BD30}.Release|Any CPU.ActiveCfg = Release|Any CPU
		{F1A52D36-E0FD-4AA2-B1DA-A71ABA73BD30}.Release|Any CPU.Build.0 = Release|Any CPU
		{9E8F31BF-8AC0-4B08-A2E2-492AD921BE88}.Debug|Any CPU.ActiveCfg = Debug|Any CPU
		{9E8F31BF-8AC0-4B08-A2E2-492AD921BE88}.Debug|Any CPU.Build.0 = Debug|Any CPU
		{9E8F31BF-8AC0-4B08-A2E2-492AD921BE88}.Release|Any CPU.ActiveCfg = Release|Any CPU
		{9E8F31BF-8AC0-4B08-A2E2-492AD921BE88}.Release|Any CPU.Build.0 = Release|Any CPU
		{7553B138-0B56-4C23-A2F1-B3DEDC5BA378}.Debug|Any CPU.ActiveCfg = Debug|Any CPU
		{7553B138-0B56-4C23-A2F1-B3DEDC5BA378}.Debug|Any CPU.Build.0 = Debug|Any CPU
		{7553B138-0B56-4C23-A2F1-B3DEDC5BA378}.Release|Any CPU.ActiveCfg = Release|Any CPU
		{7553B138-0B56-4C23-A2F1-B3DEDC5BA378}.Release|Any CPU.Build.0 = Release|Any CPU
		{384DF458-5367-4D0D-9D73-ED7B4D01EB44}.Debug|Any CPU.ActiveCfg = Debug|Any CPU
		{384DF458-5367-4D0D-9D73-ED7B4D01EB44}.Debug|Any CPU.Build.0 = Debug|Any CPU
		{384DF458-5367-4D0D-9D73-ED7B4D01EB44}.Release|Any CPU.ActiveCfg = Release|Any CPU
		{384DF458-5367-4D0D-9D73-ED7B4D01EB44}.Release|Any CPU.Build.0 = Release|Any CPU
		{3ECDFEA1-F24A-44E8-B727-E6E8049CB7E4}.Debug|Any CPU.ActiveCfg = Debug|Any CPU
		{3ECDFEA1-F24A-44E8-B727-E6E8049CB7E4}.Debug|Any CPU.Build.0 = Debug|Any CPU
		{3ECDFEA1-F24A-44E8-B727-E6E8049CB7E4}.Release|Any CPU.ActiveCfg = Release|Any CPU
		{3ECDFEA1-F24A-44E8-B727-E6E8049CB7E4}.Release|Any CPU.Build.0 = Release|Any CPU
		{E6294EF3-29CE-4D40-9D75-8010013D7D58}.Debug|Any CPU.ActiveCfg = Debug|Any CPU
		{E6294EF3-29CE-4D40-9D75-8010013D7D58}.Debug|Any CPU.Build.0 = Debug|Any CPU
		{E6294EF3-29CE-4D40-9D75-8010013D7D58}.Release|Any CPU.ActiveCfg = Release|Any CPU
		{E6294EF3-29CE-4D40-9D75-8010013D7D58}.Release|Any CPU.Build.0 = Release|Any CPU
		{573F224C-9B33-4884-AB04-DD8FF1097260}.Debug|Any CPU.ActiveCfg = Debug|Any CPU
		{573F224C-9B33-4884-AB04-DD8FF1097260}.Debug|Any CPU.Build.0 = Debug|Any CPU
		{573F224C-9B33-4884-AB04-DD8FF1097260}.Release|Any CPU.ActiveCfg = Release|Any CPU
		{573F224C-9B33-4884-AB04-DD8FF1097260}.Release|Any CPU.Build.0 = Release|Any CPU
		{10628DB0-ECA2-49A1-A7A5-5652371BE17C}.Debug|Any CPU.ActiveCfg = Debug|Any CPU
		{10628DB0-ECA2-49A1-A7A5-5652371BE17C}.Debug|Any CPU.Build.0 = Debug|Any CPU
		{10628DB0-ECA2-49A1-A7A5-5652371BE17C}.Release|Any CPU.ActiveCfg = Release|Any CPU
		{10628DB0-ECA2-49A1-A7A5-5652371BE17C}.Release|Any CPU.Build.0 = Release|Any CPU
		{D986E225-AE33-48BB-9E86-2528240EE346}.Debug|Any CPU.ActiveCfg = Debug|Any CPU
		{D986E225-AE33-48BB-9E86-2528240EE346}.Debug|Any CPU.Build.0 = Debug|Any CPU
		{D986E225-AE33-48BB-9E86-2528240EE346}.Release|Any CPU.ActiveCfg = Release|Any CPU
		{D986E225-AE33-48BB-9E86-2528240EE346}.Release|Any CPU.Build.0 = Release|Any CPU
		{7D0366A2-1424-40FF-9973-BC7E49B26C80}.Debug|Any CPU.ActiveCfg = Debug|Any CPU
		{7D0366A2-1424-40FF-9973-BC7E49B26C80}.Debug|Any CPU.Build.0 = Debug|Any CPU
		{7D0366A2-1424-40FF-9973-BC7E49B26C80}.Release|Any CPU.ActiveCfg = Release|Any CPU
		{7D0366A2-1424-40FF-9973-BC7E49B26C80}.Release|Any CPU.Build.0 = Release|Any CPU
		{14937C83-C66E-4FCD-A4F3-7E944A3B6E0A}.Debug|Any CPU.ActiveCfg = Debug|Any CPU
		{14937C83-C66E-4FCD-A4F3-7E944A3B6E0A}.Debug|Any CPU.Build.0 = Debug|Any CPU
		{14937C83-C66E-4FCD-A4F3-7E944A3B6E0A}.Release|Any CPU.ActiveCfg = Release|Any CPU
		{14937C83-C66E-4FCD-A4F3-7E944A3B6E0A}.Release|Any CPU.Build.0 = Release|Any CPU
		{D13DDBFA-ADBD-4C6C-A1F4-57726F76BA11}.Debug|Any CPU.ActiveCfg = Debug|Any CPU
		{D13DDBFA-ADBD-4C6C-A1F4-57726F76BA11}.Debug|Any CPU.Build.0 = Debug|Any CPU
		{D13DDBFA-ADBD-4C6C-A1F4-57726F76BA11}.Release|Any CPU.ActiveCfg = Release|Any CPU
		{D13DDBFA-ADBD-4C6C-A1F4-57726F76BA11}.Release|Any CPU.Build.0 = Release|Any CPU
		{0B975F89-C055-4033-88A3-3F5093D7B739}.Debug|Any CPU.ActiveCfg = Debug|Any CPU
		{0B975F89-C055-4033-88A3-3F5093D7B739}.Debug|Any CPU.Build.0 = Debug|Any CPU
		{0B975F89-C055-4033-88A3-3F5093D7B739}.Release|Any CPU.ActiveCfg = Release|Any CPU
		{0B975F89-C055-4033-88A3-3F5093D7B739}.Release|Any CPU.Build.0 = Release|Any CPU
		{0290283E-899C-43D7-8E83-785225760570}.Debug|Any CPU.ActiveCfg = Debug|Any CPU
		{0290283E-899C-43D7-8E83-785225760570}.Debug|Any CPU.Build.0 = Debug|Any CPU
		{0290283E-899C-43D7-8E83-785225760570}.Release|Any CPU.ActiveCfg = Release|Any CPU
		{0290283E-899C-43D7-8E83-785225760570}.Release|Any CPU.Build.0 = Release|Any CPU
		{21C3135A-32E5-4F5E-98F5-4DD95AD664AD}.Debug|Any CPU.ActiveCfg = Debug|Any CPU
		{21C3135A-32E5-4F5E-98F5-4DD95AD664AD}.Debug|Any CPU.Build.0 = Debug|Any CPU
		{21C3135A-32E5-4F5E-98F5-4DD95AD664AD}.Release|Any CPU.ActiveCfg = Release|Any CPU
		{21C3135A-32E5-4F5E-98F5-4DD95AD664AD}.Release|Any CPU.Build.0 = Release|Any CPU
		{CA37D19E-B8A3-4469-B209-4CF37854DC8A}.Debug|Any CPU.ActiveCfg = Debug|Any CPU
		{CA37D19E-B8A3-4469-B209-4CF37854DC8A}.Debug|Any CPU.Build.0 = Debug|Any CPU
		{CA37D19E-B8A3-4469-B209-4CF37854DC8A}.Release|Any CPU.ActiveCfg = Release|Any CPU
		{CA37D19E-B8A3-4469-B209-4CF37854DC8A}.Release|Any CPU.Build.0 = Release|Any CPU
		{1B8637BD-62E4-4CC4-90A4-39BF45FE1B97}.Debug|Any CPU.ActiveCfg = Debug|Any CPU
		{1B8637BD-62E4-4CC4-90A4-39BF45FE1B97}.Debug|Any CPU.Build.0 = Debug|Any CPU
		{1B8637BD-62E4-4CC4-90A4-39BF45FE1B97}.Release|Any CPU.ActiveCfg = Release|Any CPU
		{1B8637BD-62E4-4CC4-90A4-39BF45FE1B97}.Release|Any CPU.Build.0 = Release|Any CPU
		{5E8B81F8-EC15-45D5-99BA-DA14F8F47AAA}.Debug|Any CPU.ActiveCfg = Debug|Any CPU
		{5E8B81F8-EC15-45D5-99BA-DA14F8F47AAA}.Debug|Any CPU.Build.0 = Debug|Any CPU
		{5E8B81F8-EC15-45D5-99BA-DA14F8F47AAA}.Release|Any CPU.ActiveCfg = Release|Any CPU
		{5E8B81F8-EC15-45D5-99BA-DA14F8F47AAA}.Release|Any CPU.Build.0 = Release|Any CPU
	EndGlobalSection
	GlobalSection(NestedProjects) = preSolution
		{F5C475F4-DBF5-4585-9FE3-80A468904065} = {3416607B-CD2F-4138-8A6D-DA082F8B8E37}
		{D987C904-A631-4ACF-88EA-30948A347FAB} = {3416607B-CD2F-4138-8A6D-DA082F8B8E37}
		{25DFF9F2-B395-4A65-B8C6-8C18B2890168} = {3416607B-CD2F-4138-8A6D-DA082F8B8E37}
		{C95B2D52-0B39-4974-B0F3-EC1A6F715CC9} = {3416607B-CD2F-4138-8A6D-DA082F8B8E37}
		{BA56D108-14AA-400D-85D3-A59A43286A09} = {066982C8-41B2-4496-8FB4-D426EB12D6DC}
		{D86E3389-432F-4E58-B082-41F232F2263D} = {066982C8-41B2-4496-8FB4-D426EB12D6DC}
		{95963537-2C63-45A1-A8BE-DEB9F4F6115A} = {066982C8-41B2-4496-8FB4-D426EB12D6DC}
		{F36F6874-43C6-4397-BB69-3B67E7FE75DC} = {066982C8-41B2-4496-8FB4-D426EB12D6DC}
		{EE59E1D3-8491-4348-84E1-7A5BD8428C21} = {066982C8-41B2-4496-8FB4-D426EB12D6DC}
		{F1A52D36-E0FD-4AA2-B1DA-A71ABA73BD30} = {5BC942AE-840F-4BC6-AA37-DE34BB699218}
		{9E8F31BF-8AC0-4B08-A2E2-492AD921BE88} = {5BC942AE-840F-4BC6-AA37-DE34BB699218}
		{7553B138-0B56-4C23-A2F1-B3DEDC5BA378} = {5BC942AE-840F-4BC6-AA37-DE34BB699218}
		{384DF458-5367-4D0D-9D73-ED7B4D01EB44} = {5BC942AE-840F-4BC6-AA37-DE34BB699218}
		{3ECDFEA1-F24A-44E8-B727-E6E8049CB7E4} = {5BC942AE-840F-4BC6-AA37-DE34BB699218}
		{E6294EF3-29CE-4D40-9D75-8010013D7D58} = {D29491F1-8F61-4EE5-BDB9-8D3C95C8CAAC}
		{573F224C-9B33-4884-AB04-DD8FF1097260} = {208A2D36-F767-457E-8370-85BBC5414BBE}
		{10628DB0-ECA2-49A1-A7A5-5652371BE17C} = {208A2D36-F767-457E-8370-85BBC5414BBE}
		{D986E225-AE33-48BB-9E86-2528240EE346} = {208A2D36-F767-457E-8370-85BBC5414BBE}
		{7D0366A2-1424-40FF-9973-BC7E49B26C80} = {208A2D36-F767-457E-8370-85BBC5414BBE}
		{14937C83-C66E-4FCD-A4F3-7E944A3B6E0A} = {208A2D36-F767-457E-8370-85BBC5414BBE}
		{D13DDBFA-ADBD-4C6C-A1F4-57726F76BA11} = {146C3362-028B-45CA-A45E-B5E262C0F406}
		{0B975F89-C055-4033-88A3-3F5093D7B739} = {146C3362-028B-45CA-A45E-B5E262C0F406}
		{0290283E-899C-43D7-8E83-785225760570} = {146C3362-028B-45CA-A45E-B5E262C0F406}
		{21C3135A-32E5-4F5E-98F5-4DD95AD664AD} = {146C3362-028B-45CA-A45E-B5E262C0F406}
		{CA37D19E-B8A3-4469-B209-4CF37854DC8A} = {146C3362-028B-45CA-A45E-B5E262C0F406}
		{1B8637BD-62E4-4CC4-90A4-39BF45FE1B97} = {B6E87B55-0D2E-4607-8B16-C67AE9CECEF5}
		{5E8B81F8-EC15-45D5-99BA-DA14F8F47AAA} = {D29491F1-8F61-4EE5-BDB9-8D3C95C8CAAC}
	EndGlobalSection
EndGlobal
