
Microsoft Visual Studio Solution File, Format Version 12.00
# Visual Studio Version 16
VisualStudioVersion = 16.0.30114.105
MinimumVisualStudioVersion = 10.0.40219.1
Project("{FAE04EC0-301F-11D3-BF4B-00C04F79EFBC}") = "Collapsenav.Net.Tool", "Collapsenav.Net.Tool\Collapsenav.Net.Tool.csproj", "{393B62B5-6EC3-4F5C-914D-57A22E86A723}"
EndProject
Project("{FAE04EC0-301F-11D3-BF4B-00C04F79EFBC}") = "Collapsenav.Net.Tool.Test", "Collapsenav.Net.Tool.Test\Collapsenav.Net.Tool.Test.csproj", "{47AB6AD9-7E52-44B5-B9C8-D2CC68A67E95}"
EndProject
Project("{FAE04EC0-301F-11D3-BF4B-00C04F79EFBC}") = "Collapsenav.Net.Tool.Data", "Collapsenav.Net.Tool.Data\Collapsenav.Net.Tool.Data.csproj", "{6D05862E-E320-4658-9A6A-B376F7922031}"
EndProject
Project("{FAE04EC0-301F-11D3-BF4B-00C04F79EFBC}") = "Collapsenav.Net.Tool.Data.Test", "Collapsenav.Net.Tool.Data.Test\Collapsenav.Net.Tool.Data.Test.csproj", "{5CA96B88-CCEA-49CC-9019-71AB291346F0}"
EndProject
Global
	GlobalSection(SolutionConfigurationPlatforms) = preSolution
		Debug|Any CPU = Debug|Any CPU
		Debug|x64 = Debug|x64
		Debug|x86 = Debug|x86
		Release|Any CPU = Release|Any CPU
		Release|x64 = Release|x64
		Release|x86 = Release|x86
	EndGlobalSection
	GlobalSection(SolutionProperties) = preSolution
		HideSolutionNode = FALSE
	EndGlobalSection
	GlobalSection(ProjectConfigurationPlatforms) = postSolution
		{393B62B5-6EC3-4F5C-914D-57A22E86A723}.Debug|Any CPU.ActiveCfg = Debug|Any CPU
		{393B62B5-6EC3-4F5C-914D-57A22E86A723}.Debug|Any CPU.Build.0 = Debug|Any CPU
		{393B62B5-6EC3-4F5C-914D-57A22E86A723}.Debug|x64.ActiveCfg = Debug|Any CPU
		{393B62B5-6EC3-4F5C-914D-57A22E86A723}.Debug|x64.Build.0 = Debug|Any CPU
		{393B62B5-6EC3-4F5C-914D-57A22E86A723}.Debug|x86.ActiveCfg = Debug|Any CPU
		{393B62B5-6EC3-4F5C-914D-57A22E86A723}.Debug|x86.Build.0 = Debug|Any CPU
		{393B62B5-6EC3-4F5C-914D-57A22E86A723}.Release|Any CPU.ActiveCfg = Release|Any CPU
		{393B62B5-6EC3-4F5C-914D-57A22E86A723}.Release|Any CPU.Build.0 = Release|Any CPU
		{393B62B5-6EC3-4F5C-914D-57A22E86A723}.Release|x64.ActiveCfg = Release|Any CPU
		{393B62B5-6EC3-4F5C-914D-57A22E86A723}.Release|x64.Build.0 = Release|Any CPU
		{393B62B5-6EC3-4F5C-914D-57A22E86A723}.Release|x86.ActiveCfg = Release|Any CPU
		{393B62B5-6EC3-4F5C-914D-57A22E86A723}.Release|x86.Build.0 = Release|Any CPU
		{47AB6AD9-7E52-44B5-B9C8-D2CC68A67E95}.Debug|Any CPU.ActiveCfg = Debug|Any CPU
		{47AB6AD9-7E52-44B5-B9C8-D2CC68A67E95}.Debug|Any CPU.Build.0 = Debug|Any CPU
		{47AB6AD9-7E52-44B5-B9C8-D2CC68A67E95}.Debug|x64.ActiveCfg = Debug|Any CPU
		{47AB6AD9-7E52-44B5-B9C8-D2CC68A67E95}.Debug|x64.Build.0 = Debug|Any CPU
		{47AB6AD9-7E52-44B5-B9C8-D2CC68A67E95}.Debug|x86.ActiveCfg = Debug|Any CPU
		{47AB6AD9-7E52-44B5-B9C8-D2CC68A67E95}.Debug|x86.Build.0 = Debug|Any CPU
		{47AB6AD9-7E52-44B5-B9C8-D2CC68A67E95}.Release|Any CPU.ActiveCfg = Release|Any CPU
		{47AB6AD9-7E52-44B5-B9C8-D2CC68A67E95}.Release|Any CPU.Build.0 = Release|Any CPU
		{47AB6AD9-7E52-44B5-B9C8-D2CC68A67E95}.Release|x64.ActiveCfg = Release|Any CPU
		{47AB6AD9-7E52-44B5-B9C8-D2CC68A67E95}.Release|x64.Build.0 = Release|Any CPU
		{47AB6AD9-7E52-44B5-B9C8-D2CC68A67E95}.Release|x86.ActiveCfg = Release|Any CPU
		{47AB6AD9-7E52-44B5-B9C8-D2CC68A67E95}.Release|x86.Build.0 = Release|Any CPU
		{6D05862E-E320-4658-9A6A-B376F7922031}.Debug|Any CPU.ActiveCfg = Debug|Any CPU
		{6D05862E-E320-4658-9A6A-B376F7922031}.Debug|Any CPU.Build.0 = Debug|Any CPU
		{6D05862E-E320-4658-9A6A-B376F7922031}.Debug|x64.ActiveCfg = Debug|Any CPU
		{6D05862E-E320-4658-9A6A-B376F7922031}.Debug|x64.Build.0 = Debug|Any CPU
		{6D05862E-E320-4658-9A6A-B376F7922031}.Debug|x86.ActiveCfg = Debug|Any CPU
		{6D05862E-E320-4658-9A6A-B376F7922031}.Debug|x86.Build.0 = Debug|Any CPU
		{6D05862E-E320-4658-9A6A-B376F7922031}.Release|Any CPU.ActiveCfg = Release|Any CPU
		{6D05862E-E320-4658-9A6A-B376F7922031}.Release|Any CPU.Build.0 = Release|Any CPU
		{6D05862E-E320-4658-9A6A-B376F7922031}.Release|x64.ActiveCfg = Release|Any CPU
		{6D05862E-E320-4658-9A6A-B376F7922031}.Release|x64.Build.0 = Release|Any CPU
		{6D05862E-E320-4658-9A6A-B376F7922031}.Release|x86.ActiveCfg = Release|Any CPU
		{6D05862E-E320-4658-9A6A-B376F7922031}.Release|x86.Build.0 = Release|Any CPU
		{5CA96B88-CCEA-49CC-9019-71AB291346F0}.Debug|Any CPU.ActiveCfg = Debug|Any CPU
		{5CA96B88-CCEA-49CC-9019-71AB291346F0}.Debug|Any CPU.Build.0 = Debug|Any CPU
		{5CA96B88-CCEA-49CC-9019-71AB291346F0}.Debug|x64.ActiveCfg = Debug|Any CPU
		{5CA96B88-CCEA-49CC-9019-71AB291346F0}.Debug|x64.Build.0 = Debug|Any CPU
		{5CA96B88-CCEA-49CC-9019-71AB291346F0}.Debug|x86.ActiveCfg = Debug|Any CPU
		{5CA96B88-CCEA-49CC-9019-71AB291346F0}.Debug|x86.Build.0 = Debug|Any CPU
		{5CA96B88-CCEA-49CC-9019-71AB291346F0}.Release|Any CPU.ActiveCfg = Release|Any CPU
		{5CA96B88-CCEA-49CC-9019-71AB291346F0}.Release|Any CPU.Build.0 = Release|Any CPU
		{5CA96B88-CCEA-49CC-9019-71AB291346F0}.Release|x64.ActiveCfg = Release|Any CPU
		{5CA96B88-CCEA-49CC-9019-71AB291346F0}.Release|x64.Build.0 = Release|Any CPU
		{5CA96B88-CCEA-49CC-9019-71AB291346F0}.Release|x86.ActiveCfg = Release|Any CPU
		{5CA96B88-CCEA-49CC-9019-71AB291346F0}.Release|x86.Build.0 = Release|Any CPU
	EndGlobalSection
EndGlobal
