
Microsoft Visual Studio Solution File, Format Version 12.00
# Visual Studio Version 16
VisualStudioVersion = 16.0.30114.105
MinimumVisualStudioVersion = 10.0.40219.1
Project("{FAE04EC0-301F-11D3-BF4B-00C04F79EFBC}") = "Collapsenav.Net.Tool.WebApi", "Collapsenav.Net.Tool.WebApi\Collapsenav.Net.Tool.WebApi.csproj", "{C0285A85-7ACC-4018-8B28-8786727515AE}"
EndProject
Project("{FAE04EC0-301F-11D3-BF4B-00C04F79EFBC}") = "Collapsenav.Net.Tool.WebApi.Core", "Collapsenav.Net.Tool.WebApi.Core\Collapsenav.Net.Tool.WebApi.Core.csproj", "{68D1DDB0-338B-43BA-B83F-56776E04E159}"
EndProject
Project("{FAE04EC0-301F-11D3-BF4B-00C04F79EFBC}") = "Collapsenav.Net.Tool.Swagger", "Collapsenav.Net.Tool.Swagger\Collapsenav.Net.Tool.Swagger.csproj", "{569A1DAB-C58E-405C-A1A3-2EE22D12B74A}"
EndProject
Global
	GlobalSection(SolutionConfigurationPlatforms) = preSolution
		Debug|Any CPU = Debug|Any CPU
		Release|Any CPU = Release|Any CPU
	EndGlobalSection
	GlobalSection(SolutionProperties) = preSolution
		HideSolutionNode = FALSE
	EndGlobalSection
	GlobalSection(ProjectConfigurationPlatforms) = postSolution
		{C0285A85-7ACC-4018-8B28-8786727515AE}.Debug|Any CPU.ActiveCfg = Debug|Any CPU
		{C0285A85-7ACC-4018-8B28-8786727515AE}.Debug|Any CPU.Build.0 = Debug|Any CPU
		{C0285A85-7ACC-4018-8B28-8786727515AE}.Release|Any CPU.ActiveCfg = Release|Any CPU
		{C0285A85-7ACC-4018-8B28-8786727515AE}.Release|Any CPU.Build.0 = Release|Any CPU
		{68D1DDB0-338B-43BA-B83F-56776E04E159}.Debug|Any CPU.ActiveCfg = Debug|Any CPU
		{68D1DDB0-338B-43BA-B83F-56776E04E159}.Debug|Any CPU.Build.0 = Debug|Any CPU
		{68D1DDB0-338B-43BA-B83F-56776E04E159}.Release|Any CPU.ActiveCfg = Release|Any CPU
		{68D1DDB0-338B-43BA-B83F-56776E04E159}.Release|Any CPU.Build.0 = Release|Any CPU
		{569A1DAB-C58E-405C-A1A3-2EE22D12B74A}.Debug|Any CPU.ActiveCfg = Debug|Any CPU
		{569A1DAB-C58E-405C-A1A3-2EE22D12B74A}.Debug|Any CPU.Build.0 = Debug|Any CPU
		{569A1DAB-C58E-405C-A1A3-2EE22D12B74A}.Release|Any CPU.ActiveCfg = Release|Any CPU
		{569A1DAB-C58E-405C-A1A3-2EE22D12B74A}.Release|Any CPU.Build.0 = Release|Any CPU
	EndGlobalSection
EndGlobal
