
Microsoft Visual Studio Solution File, Format Version 12.00
# Visual Studio Version 16
VisualStudioVersion = 16.0.30114.105
MinimumVisualStudioVersion = 10.0.40219.1
Project("{2150E333-8FDC-42A3-9474-1A3956D46DE8}") = "QuartzDemo", "QuartzDemo", "{2A957A21-AE4A-4C09-8F6E-A010E08C1DC5}"
EndProject
Project("{FAE04EC0-301F-11D3-BF4B-00C04F79EFBC}") = "ConsoleQuartzDemo", "QuartzDemo\ConsoleQuartzDemo\ConsoleQuartzDemo.csproj", "{4EDEC0EB-1268-4A0B-92CB-7C77D86BEED2}"
EndProject
Project("{FAE04EC0-301F-11D3-BF4B-00C04F79EFBC}") = "JobLib", "QuartzDemo\JobLib\JobLib.csproj", "{FE10B77F-A949-4883-AA98-267BBEEDD1E8}"
EndProject
Project("{FAE04EC0-301F-11D3-BF4B-00C04F79EFBC}") = "Collapsenav.Net.Tool.Quartz", "..\Ext\Collapsenav.Net.Tool.Quartz\Collapsenav.Net.Tool.Quartz.csproj", "{591A7712-55E8-4E53-BB03-3F9A88B85525}"
EndProject
Project("{FAE04EC0-301F-11D3-BF4B-00C04F79EFBC}") = "WebApiQuartzDemo", "QuartzDemo\WebApiQuartzDemo\WebApiQuartzDemo.csproj", "{1FA4518B-D620-48BC-807D-BCE8D671C1D2}"
EndProject
Project("{2150E333-8FDC-42A3-9474-1A3956D46DE8}") = "SwaggerDemo", "SwaggerDemo", "{ECB6300B-DD9D-4E9C-98F4-6FD16B960974}"
EndProject
Project("{FAE04EC0-301F-11D3-BF4B-00C04F79EFBC}") = "SwaggerBaseDemo", "SwaggerDemo\SwaggerBaseDemo\SwaggerBaseDemo.csproj", "{8183D59D-A876-46FF-B668-CE209E958D2B}"
EndProject
Project("{2150E333-8FDC-42A3-9474-1A3956D46DE8}") = "DataDemo", "DataDemo", "{2663A132-423B-4500-B283-0A7A7D437B42}"
EndProject
Project("{FAE04EC0-301F-11D3-BF4B-00C04F79EFBC}") = "EntityLib", "DataDemo\EntityLib\EntityLib.csproj", "{8E97E84A-888E-4FAD-AF06-1E5E8965C7E7}"
EndProject
Project("{FAE04EC0-301F-11D3-BF4B-00C04F79EFBC}") = "AspnetDbDemo", "DataDemo\AspnetDbDemo\AspnetDbDemo.csproj", "{A01D5092-A855-4EC0-9087-B2176C8D3A7A}"
EndProject
Project("{2150E333-8FDC-42A3-9474-1A3956D46DE8}") = "WebApiDemo", "WebApiDemo", "{122DC128-B944-4A85-9D29-6DDAF7CB81E9}"
EndProject
Project("{FAE04EC0-301F-11D3-BF4B-00C04F79EFBC}") = "SimpleWebApiDemo", "WebApiDemo\SimpleWebApiDemo\SimpleWebApiDemo.csproj", "{BB8F5675-D9D4-401A-BAFB-7C425184C41A}"
EndProject
Project("{FAE04EC0-301F-11D3-BF4B-00C04F79EFBC}") = "Dto", "WebApiDemo\Dto\Dto.csproj", "{FA1FF807-DB77-4692-B88B-B6F48251C521}"
EndProject
Project("{FAE04EC0-301F-11D3-BF4B-00C04F79EFBC}") = "EmitDynamicApiDemo", "WebApiDemo\EmitDynamicApiDemo\EmitDynamicApiDemo.csproj", "{E2247539-27F7-4DD9-8D15-7A317F811B78}"
EndProject
Project("{FAE04EC0-301F-11D3-BF4B-00C04F79EFBC}") = "AutoInjectWebApiDemo", "WebApiDemo\AutoInjectWebApiDemo\AutoInjectWebApiDemo.csproj", "{DF724821-7BC8-4AC6-948E-AA5570B77EAF}"
EndProject
Project("{FAE04EC0-301F-11D3-BF4B-00C04F79EFBC}") = "DynamicWebApi", "WebApiDemo\DynamicWebApi\DynamicWebApi.csproj", "{88E6BFF2-9B5F-495F-8E1C-EA1F45CECF3D}"
EndProject
Project("{FAE04EC0-301F-11D3-BF4B-00C04F79EFBC}") = "RedisDemo", "RedisDemo\RedisDemo.csproj", "{89E078D7-11FE-48AE-AF6E-7835EEE3A316}"
EndProject
Global
	GlobalSection(SolutionConfigurationPlatforms) = preSolution
		Debug|Any CPU = Debug|Any CPU
		Release|Any CPU = Release|Any CPU
	EndGlobalSection
	GlobalSection(SolutionProperties) = preSolution
		HideSolutionNode = FALSE
	EndGlobalSection
	GlobalSection(ProjectConfigurationPlatforms) = postSolution
		{4EDEC0EB-1268-4A0B-92CB-7C77D86BEED2}.Debug|Any CPU.ActiveCfg = Debug|Any CPU
		{4EDEC0EB-1268-4A0B-92CB-7C77D86BEED2}.Debug|Any CPU.Build.0 = Debug|Any CPU
		{4EDEC0EB-1268-4A0B-92CB-7C77D86BEED2}.Release|Any CPU.ActiveCfg = Release|Any CPU
		{4EDEC0EB-1268-4A0B-92CB-7C77D86BEED2}.Release|Any CPU.Build.0 = Release|Any CPU
		{FE10B77F-A949-4883-AA98-267BBEEDD1E8}.Debug|Any CPU.ActiveCfg = Debug|Any CPU
		{FE10B77F-A949-4883-AA98-267BBEEDD1E8}.Debug|Any CPU.Build.0 = Debug|Any CPU
		{FE10B77F-A949-4883-AA98-267BBEEDD1E8}.Release|Any CPU.ActiveCfg = Release|Any CPU
		{FE10B77F-A949-4883-AA98-267BBEEDD1E8}.Release|Any CPU.Build.0 = Release|Any CPU
		{591A7712-55E8-4E53-BB03-3F9A88B85525}.Debug|Any CPU.ActiveCfg = Debug|Any CPU
		{591A7712-55E8-4E53-BB03-3F9A88B85525}.Debug|Any CPU.Build.0 = Debug|Any CPU
		{591A7712-55E8-4E53-BB03-3F9A88B85525}.Release|Any CPU.ActiveCfg = Release|Any CPU
		{591A7712-55E8-4E53-BB03-3F9A88B85525}.Release|Any CPU.Build.0 = Release|Any CPU
		{1FA4518B-D620-48BC-807D-BCE8D671C1D2}.Debug|Any CPU.ActiveCfg = Debug|Any CPU
		{1FA4518B-D620-48BC-807D-BCE8D671C1D2}.Debug|Any CPU.Build.0 = Debug|Any CPU
		{1FA4518B-D620-48BC-807D-BCE8D671C1D2}.Release|Any CPU.ActiveCfg = Release|Any CPU
		{1FA4518B-D620-48BC-807D-BCE8D671C1D2}.Release|Any CPU.Build.0 = Release|Any CPU
		{8183D59D-A876-46FF-B668-CE209E958D2B}.Debug|Any CPU.ActiveCfg = Debug|Any CPU
		{8183D59D-A876-46FF-B668-CE209E958D2B}.Debug|Any CPU.Build.0 = Debug|Any CPU
		{8183D59D-A876-46FF-B668-CE209E958D2B}.Release|Any CPU.ActiveCfg = Release|Any CPU
		{8183D59D-A876-46FF-B668-CE209E958D2B}.Release|Any CPU.Build.0 = Release|Any CPU
		{8E97E84A-888E-4FAD-AF06-1E5E8965C7E7}.Debug|Any CPU.ActiveCfg = Debug|Any CPU
		{8E97E84A-888E-4FAD-AF06-1E5E8965C7E7}.Debug|Any CPU.Build.0 = Debug|Any CPU
		{8E97E84A-888E-4FAD-AF06-1E5E8965C7E7}.Release|Any CPU.ActiveCfg = Release|Any CPU
		{8E97E84A-888E-4FAD-AF06-1E5E8965C7E7}.Release|Any CPU.Build.0 = Release|Any CPU
		{A01D5092-A855-4EC0-9087-B2176C8D3A7A}.Debug|Any CPU.ActiveCfg = Debug|Any CPU
		{A01D5092-A855-4EC0-9087-B2176C8D3A7A}.Debug|Any CPU.Build.0 = Debug|Any CPU
		{A01D5092-A855-4EC0-9087-B2176C8D3A7A}.Release|Any CPU.ActiveCfg = Release|Any CPU
		{A01D5092-A855-4EC0-9087-B2176C8D3A7A}.Release|Any CPU.Build.0 = Release|Any CPU
		{BB8F5675-D9D4-401A-BAFB-7C425184C41A}.Debug|Any CPU.ActiveCfg = Debug|Any CPU
		{BB8F5675-D9D4-401A-BAFB-7C425184C41A}.Debug|Any CPU.Build.0 = Debug|Any CPU
		{BB8F5675-D9D4-401A-BAFB-7C425184C41A}.Release|Any CPU.ActiveCfg = Release|Any CPU
		{BB8F5675-D9D4-401A-BAFB-7C425184C41A}.Release|Any CPU.Build.0 = Release|Any CPU
		{FA1FF807-DB77-4692-B88B-B6F48251C521}.Debug|Any CPU.ActiveCfg = Debug|Any CPU
		{FA1FF807-DB77-4692-B88B-B6F48251C521}.Debug|Any CPU.Build.0 = Debug|Any CPU
		{FA1FF807-DB77-4692-B88B-B6F48251C521}.Release|Any CPU.ActiveCfg = Release|Any CPU
		{FA1FF807-DB77-4692-B88B-B6F48251C521}.Release|Any CPU.Build.0 = Release|Any CPU
		{E2247539-27F7-4DD9-8D15-7A317F811B78}.Debug|Any CPU.ActiveCfg = Debug|Any CPU
		{E2247539-27F7-4DD9-8D15-7A317F811B78}.Debug|Any CPU.Build.0 = Debug|Any CPU
		{E2247539-27F7-4DD9-8D15-7A317F811B78}.Release|Any CPU.ActiveCfg = Release|Any CPU
		{E2247539-27F7-4DD9-8D15-7A317F811B78}.Release|Any CPU.Build.0 = Release|Any CPU
		{DF724821-7BC8-4AC6-948E-AA5570B77EAF}.Debug|Any CPU.ActiveCfg = Debug|Any CPU
		{DF724821-7BC8-4AC6-948E-AA5570B77EAF}.Debug|Any CPU.Build.0 = Debug|Any CPU
		{DF724821-7BC8-4AC6-948E-AA5570B77EAF}.Release|Any CPU.ActiveCfg = Release|Any CPU
		{DF724821-7BC8-4AC6-948E-AA5570B77EAF}.Release|Any CPU.Build.0 = Release|Any CPU
		{88E6BFF2-9B5F-495F-8E1C-EA1F45CECF3D}.Debug|Any CPU.ActiveCfg = Debug|Any CPU
		{88E6BFF2-9B5F-495F-8E1C-EA1F45CECF3D}.Debug|Any CPU.Build.0 = Debug|Any CPU
		{88E6BFF2-9B5F-495F-8E1C-EA1F45CECF3D}.Release|Any CPU.ActiveCfg = Release|Any CPU
		{88E6BFF2-9B5F-495F-8E1C-EA1F45CECF3D}.Release|Any CPU.Build.0 = Release|Any CPU
		{89E078D7-11FE-48AE-AF6E-7835EEE3A316}.Debug|Any CPU.ActiveCfg = Debug|Any CPU
		{89E078D7-11FE-48AE-AF6E-7835EEE3A316}.Debug|Any CPU.Build.0 = Debug|Any CPU
		{89E078D7-11FE-48AE-AF6E-7835EEE3A316}.Release|Any CPU.ActiveCfg = Release|Any CPU
		{89E078D7-11FE-48AE-AF6E-7835EEE3A316}.Release|Any CPU.Build.0 = Release|Any CPU
	EndGlobalSection
	GlobalSection(NestedProjects) = preSolution
		{4EDEC0EB-1268-4A0B-92CB-7C77D86BEED2} = {2A957A21-AE4A-4C09-8F6E-A010E08C1DC5}
		{FE10B77F-A949-4883-AA98-267BBEEDD1E8} = {2A957A21-AE4A-4C09-8F6E-A010E08C1DC5}
		{1FA4518B-D620-48BC-807D-BCE8D671C1D2} = {2A957A21-AE4A-4C09-8F6E-A010E08C1DC5}
		{8183D59D-A876-46FF-B668-CE209E958D2B} = {ECB6300B-DD9D-4E9C-98F4-6FD16B960974}
		{8E97E84A-888E-4FAD-AF06-1E5E8965C7E7} = {2663A132-423B-4500-B283-0A7A7D437B42}
		{A01D5092-A855-4EC0-9087-B2176C8D3A7A} = {2663A132-423B-4500-B283-0A7A7D437B42}
		{BB8F5675-D9D4-401A-BAFB-7C425184C41A} = {122DC128-B944-4A85-9D29-6DDAF7CB81E9}
		{FA1FF807-DB77-4692-B88B-B6F48251C521} = {122DC128-B944-4A85-9D29-6DDAF7CB81E9}
		{E2247539-27F7-4DD9-8D15-7A317F811B78} = {122DC128-B944-4A85-9D29-6DDAF7CB81E9}
		{DF724821-7BC8-4AC6-948E-AA5570B77EAF} = {122DC128-B944-4A85-9D29-6DDAF7CB81E9}
		{88E6BFF2-9B5F-495F-8E1C-EA1F45CECF3D} = {122DC128-B944-4A85-9D29-6DDAF7CB81E9}
	EndGlobalSection
EndGlobal
